// !$*UTF8*$!
{
	archiveVersion = 1;
	classes = {
	};
	objectVersion = 56;
	objects = {

/* Begin PBXBuildFile section */
		App001 /* KidsColoringAppApp.swift in Sources */ = {isa = PBXBuildFile; fileRef = App002 /* KidsColoringAppApp.swift */; };
		View001 /* HomeView.swift in Sources */ = {isa = PBXBuildFile; fileRef = View002 /* HomeView.swift */; };
		View003 /* FreeDrawView.swift in Sources */ = {isa = PBXBuildFile; fileRef = View004 /* FreeDrawView.swift */; };
		View005 /* ColoringPagesGalleryView.swift in Sources */ = {isa = PBXBuildFile; fileRef = View006 /* ColoringPagesGalleryView.swift */; };
		View007 /* ColoringPageView.swift in Sources */ = {isa = PBXBuildFile; fileRef = View008 /* ColoringPageView.swift */; };
		View009 /* CanvasView.swift in Sources */ = {isa = PBXBuildFile; fileRef = View010 /* CanvasView.swift */; };
		View011 /* ColorPaletteView.swift in Sources */ = {isa = PBXBuildFile; fileRef = View012 /* ColorPaletteView.swift */; };
		View013 /* BrushSizePickerView.swift in Sources */ = {isa = PBXBuildFile; fileRef = View014 /* BrushSizePickerView.swift */; };
		View015 /* ToolbarView.swift in Sources */ = {isa = PBXBuildFile; fileRef = View016 /* ToolbarView.swift */; };
		Model001 /* ColoringPage.swift in Sources */ = {isa = PBXBuildFile; fileRef = Model002 /* ColoringPage.swift */; };
		Model003 /* DrawingTool.swift in Sources */ = {isa = PBXBuildFile; fileRef = Model004 /* DrawingTool.swift */; };
		ViewModel001 /* DrawingViewModel.swift in Sources */ = {isa = PBXBuildFile; fileRef = ViewModel002 /* DrawingViewModel.swift */; };
		Helper001 /* SoundManager.swift in Sources */ = {isa = PBXBuildFile; fileRef = Helper002 /* SoundManager.swift */; };
		Helper003 /* ImageSaver.swift in Sources */ = {isa = PBXBuildFile; fileRef = Helper004 /* ImageSaver.swift */; };
/* End PBXBuildFile section */

/* Begin PBXFileReference section */
		ProductRef /* KidsColoringApp.app */ = {isa = PBXFileReference; explicitFileType = wrapper.application; includeInIndex = 0; path = KidsColoringApp.app; sourceTree = BUILT_PRODUCTS_DIR; };
		App002 /* KidsColoringAppApp.swift */ = {isa = PBXFileReference; lastKnownFileType = sourcecode.swift; path = KidsColoringAppApp.swift; sourceTree = "<group>"; };
		View002 /* HomeView.swift */ = {isa = PBXFileReference; lastKnownFileType = sourcecode.swift; path = HomeView.swift; sourceTree = "<group>"; };
		View004 /* FreeDrawView.swift */ = {isa = PBXFileReference; lastKnownFileType = sourcecode.swift; path = FreeDrawView.swift; sourceTree = "<group>"; };
		View006 /* ColoringPagesGalleryView.swift */ = {isa = PBXFileReference; lastKnownFileType = sourcecode.swift; path = ColoringPagesGalleryView.swift; sourceTree = "<group>"; };
		View008 /* ColoringPageView.swift */ = {isa = PBXFileReference; lastKnownFileType = sourcecode.swift; path = ColoringPageView.swift; sourceTree = "<group>"; };
		View010 /* CanvasView.swift */ = {isa = PBXFileReference; lastKnownFileType = sourcecode.swift; path = CanvasView.swift; sourceTree = "<group>"; };
		View012 /* ColorPaletteView.swift */ = {isa = PBXFileReference; lastKnownFileType = sourcecode.swift; path = ColorPaletteView.swift; sourceTree = "<group>"; };
		View014 /* BrushSizePickerView.swift */ = {isa = PBXFileReference; lastKnownFileType = sourcecode.swift; path = BrushSizePickerView.swift; sourceTree = "<group>"; };
		View016 /* ToolbarView.swift */ = {isa = PBXFileReference; lastKnownFileType = sourcecode.swift; path = ToolbarView.swift; sourceTree = "<group>"; };
		Model002 /* ColoringPage.swift */ = {isa = PBXFileReference; lastKnownFileType = sourcecode.swift; path = ColoringPage.swift; sourceTree = "<group>"; };
		Model004 /* DrawingTool.swift */ = {isa = PBXFileReference; lastKnownFileType = sourcecode.swift; path = DrawingTool.swift; sourceTree = "<group>"; };
		ViewModel002 /* DrawingViewModel.swift */ = {isa = PBXFileReference; lastKnownFileType = sourcecode.swift; path = DrawingViewModel.swift; sourceTree = "<group>"; };
		Helper002 /* SoundManager.swift */ = {isa = PBXFileReference; lastKnownFileType = sourcecode.swift; path = SoundManager.swift; sourceTree = "<group>"; };
		Helper004 /* ImageSaver.swift */ = {isa = PBXFileReference; lastKnownFileType = sourcecode.swift; path = ImageSaver.swift; sourceTree = "<group>"; };
		InfoPlist /* Info.plist */ = {isa = PBXFileReference; lastKnownFileType = text.plist.xml; path = Info.plist; sourceTree = "<group>"; };
/* End PBXFileReference section */

/* Begin PBXFrameworksBuildPhase section */
		FrameworksPhase /* Frameworks */ = {
			isa = PBXFrameworksBuildPhase;
			buildActionMask = 2147483647;
			files = (
			);
			runOnlyForDeploymentPostprocessing = 0;
		};
/* End PBXFrameworksBuildPhase section */

/* Begin PBXGroup section */
		RootGroup = {
			isa = PBXGroup;
			children = (
				AppGroup /* KidsColoringApp */,
				ProductsGroup /* Products */,
			);
			sourceTree = "<group>";
		};
		ProductsGroup /* Products */ = {
			isa = PBXGroup;
			children = (
				ProductRef /* KidsColoringApp.app */,
			);
			name = Products;
			sourceTree = "<group>";
		};
		AppGroup /* KidsColoringApp */ = {
			isa = PBXGroup;
			children = (
				AppFolder /* App */,
				ViewsFolder /* Views */,
				ModelsFolder /* Models */,
				ViewModelsFolder /* ViewModels */,
				HelpersFolder /* Helpers */,
				ResourcesFolder /* Resources */,
				InfoPlist /* Info.plist */,
			);
			path = KidsColoringApp;
			sourceTree = "<group>";
		};
		AppFolder /* App */ = {
			isa = PBXGroup;
			children = (
				App002 /* KidsColoringAppApp.swift */,
			);
			path = App;
			sourceTree = "<group>";
		};
		ViewsFolder /* Views */ = {
			isa = PBXGroup;
			children = (
				View002 /* HomeView.swift */,
				View004 /* FreeDrawView.swift */,
				View006 /* ColoringPagesGalleryView.swift */,
				View008 /* ColoringPageView.swift */,
				View010 /* CanvasView.swift */,
				View012 /* ColorPaletteView.swift */,
				View014 /* BrushSizePickerView.swift */,
				View016 /* ToolbarView.swift */,
			);
			path = Views;
			sourceTree = "<group>";
		};
		ModelsFolder /* Models */ = {
			isa = PBXGroup;
			children = (
				Model002 /* ColoringPage.swift */,
				Model004 /* DrawingTool.swift */,
			);
			path = Models;
			sourceTree = "<group>";
		};
		ViewModelsFolder /* ViewModels */ = {
			isa = PBXGroup;
			children = (
				ViewModel002 /* DrawingViewModel.swift */,
			);
			path = ViewModels;
			sourceTree = "<group>";
		};
		HelpersFolder /* Helpers */ = {
			isa = PBXGroup;
			children = (
				Helper002 /* SoundManager.swift */,
				Helper004 /* ImageSaver.swift */,
			);
			path = Helpers;
			sourceTree = "<group>";
		};
		ResourcesFolder /* Resources */ = {
			isa = PBXGroup;
			children = (
			);
			path = Resources;
			sourceTree = "<group>";
		};
/* End PBXGroup section */

/* Begin PBXNativeTarget section */
		AppTarget /* KidsColoringApp */ = {
			isa = PBXNativeTarget;
			buildConfigurationList = BuildConfigList /* Build configuration list for PBXNativeTarget "KidsColoringApp" */;
			buildPhases = (
				SourcesPhase /* Sources */,
				FrameworksPhase /* Frameworks */,
				ResourcesPhase /* Resources */,
			);
			buildRules = (
			);
			dependencies = (
			);
			name = KidsColoringApp;
			productName = KidsColoringApp;
			productReference = ProductRef /* KidsColoringApp.app */;
			productType = "com.apple.product-type.application";
		};
/* End PBXNativeTarget section */

/* Begin PBXProject section */
		ProjectObject /* Project object */ = {
			isa = PBXProject;
			attributes = {
				BuildIndependentTargetsInParallel = 1;
				LastSwiftUpdateCheck = 1500;
				LastUpgradeCheck = 1500;
				TargetAttributes = {
					AppTarget = {
						CreatedOnToolsVersion = 15.0;
					};
				};
			};
			buildConfigurationList = ProjectBuildConfigList /* Build configuration list for PBXProject "KidsColoringApp" */;
			compatibilityVersion = "Xcode 14.0";
			developmentRegion = en;
			hasScannedForEncodings = 0;
			knownRegions = (
				en,
				Base,
			);
			mainGroup = RootGroup;
			productRefGroup = ProductsGroup /* Products */;
			projectDirPath = "";
			projectRoot = "";
			targets = (
				AppTarget /* KidsColoringApp */,
			);
		};
/* End PBXProject section */

/* Begin PBXResourcesBuildPhase section */
		ResourcesPhase /* Resources */ = {
			isa = PBXResourcesBuildPhase;
			buildActionMask = 2147483647;
			files = (
			);
			runOnlyForDeploymentPostprocessing = 0;
		};
/* End PBXResourcesBuildPhase section */

/* Begin PBXSourcesBuildPhase section */
		SourcesPhase /* Sources */ = {
			isa = PBXSourcesBuildPhase;
			buildActionMask = 2147483647;
			files = (
				App001 /* KidsColoringAppApp.swift in Sources */,
				View001 /* HomeView.swift in Sources */,
				View003 /* FreeDrawView.swift in Sources */,
				View005 /* ColoringPagesGalleryView.swift in Sources */,
				View007 /* ColoringPageView.swift in Sources */,
				View009 /* CanvasView.swift in Sources */,
				View011 /* ColorPaletteView.swift in Sources */,
				View013 /* BrushSizePickerView.swift in Sources */,
				View015 /* ToolbarView.swift in Sources */,
				Model001 /* ColoringPage.swift in Sources */,
				Model003 /* DrawingTool.swift in Sources */,
				ViewModel001 /* DrawingViewModel.swift in Sources */,
				Helper001 /* SoundManager.swift in Sources */,
				Helper003 /* ImageSaver.swift in Sources */,
			);
			runOnlyForDeploymentPostprocessing = 0;
		};
/* End PBXSourcesBuildPhase section */

/* Begin XCBuildConfiguration section */
		DebugConfig /* Debug */ = {
			isa = XCBuildConfiguration;
			buildSettings = {
				ALWAYS_SEARCH_USER_PATHS = NO;
				ASSETCATALOG_COMPILER_GENERATE_SWIFT_ASSET_SYMBOL_EXTENSIONS = YES;
				CLANG_ANALYZER_NONNULL = YES;
				CLANG_ANALYZER_NUMBER_OBJECT_CONVERSION = YES_AGGRESSIVE;
				CLANG_CXX_LANGUAGE_STANDARD = "gnu++20";
				CLANG_ENABLE_MODULES = YES;
				CLANG_ENABLE_OBJC_ARC = YES;
				CLANG_ENABLE_OBJC_WEAK = YES;
				CLANG_WARN_BLOCK_CAPTURE_AUTORELEASING = YES;
				CLANG_WARN_BOOL_CONVERSION = YES;
				CLANG_WARN_COMMA = YES;
				CLANG_WARN_CONSTANT_CONVERSION = YES;
				CLANG_WARN_DEPRECATED_OBJC_IMPLEMENTATIONS = YES;
				CLANG_WARN_DIRECT_OBJC_ISA_USAGE = YES_ERROR;
				CLANG_WARN_DOCUMENTATION_COMMENTS = YES;
				CLANG_WARN_EMPTY_BODY = YES;
				CLANG_WARN_ENUM_CONVERSION = YES;
				CLANG_WARN_INFINITE_RECURSION = YES;
				CLANG_WARN_INT_CONVERSION = YES;
				CLANG_WARN_NON_LITERAL_NULL_CONVERSION = YES;
				CLANG_WARN_OBJC_IMPLICIT_RETAIN_SELF = YES;
				CLANG_WARN_OBJC_LITERAL_CONVERSION = YES;
				CLANG_WARN_OBJC_ROOT_CLASS = YES_ERROR;
				CLANG_WARN_QUOTED_INCLUDE_IN_FRAMEWORK_HEADER = YES;
				CLANG_WARN_RANGE_LOOP_ANALYSIS = YES;
				CLANG_WARN_STRICT_PROTOTYPES = YES;
				CLANG_WARN_SUSPICIOUS_MOVE = YES;
				CLANG_WARN_UNGUARDED_AVAILABILITY = YES_AGGRESSIVE;
				CLANG_WARN_UNREACHABLE_CODE = YES;
				CLANG_WARN__DUPLICATE_METHOD_MATCH = YES;
				COPY_PHASE_STRIP = NO;
				DEBUG_INFORMATION_FORMAT = dwarf;
				ENABLE_STRICT_OBJC_MSGSEND = YES;
				ENABLE_TESTABILITY = YES;
				ENABLE_USER_SCRIPT_SANDBOXING = YES;
				GCC_C_LANGUAGE_STANDARD = gnu17;
				GCC_DYNAMIC_NO_PIC = NO;
				GCC_NO_COMMON_BLOCKS = YES;
				GCC_OPTIMIZATION_LEVEL = 0;
				GCC_PREPROCESSOR_DEFINITIONS = (
					"DEBUG=1",
					"$(inherited)",
				);
				GCC_WARN_64_TO_32_BIT_CONVERSION = YES;
				GCC_WARN_ABOUT_RETURN_TYPE = YES_ERROR;
				GCC_WARN_UNDECLARED_SELECTOR = YES;
				GCC_WARN_UNINITIALIZED_AUTOS = YES_AGGRESSIVE;
				GCC_WARN_UNUSED_FUNCTION = YES;
				GCC_WARN_UNUSED_VARIABLE = YES;
				IPHONEOS_DEPLOYMENT_TARGET = 16.0;
				LOCALIZATION_PREFERS_STRING_CATALOGS = YES;
				MTL_ENABLE_DEBUG_INFO = INCLUDE_SOURCE;
				MTL_FAST_MATH = YES;
				ONLY_ACTIVE_ARCH = YES;
				SDKROOT = iphoneos;
				SWIFT_ACTIVE_COMPILATION_CONDITIONS = "DEBUG $(inherited)";
				SWIFT_OPTIMIZATION_LEVEL = "-Onone";
			};
			name = Debug;
		};
		ReleaseConfig /* Release */ = {
			isa = XCBuildConfiguration;
			buildSettings = {
				ALWAYS_SEARCH_USER_PATHS = NO;
				ASSETCATALOG_COMPILER_GENERATE_SWIFT_ASSET_SYMBOL_EXTENSIONS = YES;
				CLANG_ANALYZER_NONNULL = YES;
				CLANG_ANALYZER_NUMBER_OBJECT_CONVERSION = YES_AGGRESSIVE;
				CLANG_CXX_LANGUAGE_STANDARD = "gnu++20";
				CLANG_ENABLE_MODULES = YES;
				CLANG_ENABLE_OBJC_ARC = YES;
				CLANG_ENABLE_OBJC_WEAK = YES;
				CLANG_WARN_BLOCK_CAPTURE_AUTORELEASING = YES;
				CLANG_WARN_BOOL_CONVERSION = YES;
				CLANG_WARN_COMMA = YES;
				CLANG_WARN_CONSTANT_CONVERSION = YES;
				CLANG_WARN_DEPRECATED_OBJC_IMPLEMENTATIONS = YES;
				CLANG_WARN_DIRECT_OBJC_ISA_USAGE = YES_ERROR;
				CLANG_WARN_DOCUMENTATION_COMMENTS = YES;
				CLANG_WARN_EMPTY_BODY = YES;
				CLANG_WARN_ENUM_CONVERSION = YES;
				CLANG_WARN_INFINITE_RECURSION = YES;
				CLANG_WARN_INT_CONVERSION = YES;
				CLANG_WARN_NON_LITERAL_NULL_CONVERSION = YES;
				CLANG_WARN_OBJC_IMPLICIT_RETAIN_SELF = YES;
				CLANG_WARN_OBJC_LITERAL_CONVERSION = YES;
				CLANG_WARN_OBJC_ROOT_CLASS = YES_ERROR;
				CLANG_WARN_QUOTED_INCLUDE_IN_FRAMEWORK_HEADER = YES;
				CLANG_WARN_RANGE_LOOP_ANALYSIS = YES;
				CLANG_WARN_STRICT_PROTOTYPES = YES;
				CLANG_WARN_SUSPICIOUS_MOVE = YES;
				CLANG_WARN_UNGUARDED_AVAILABILITY = YES_AGGRESSIVE;
				CLANG_WARN_UNREACHABLE_CODE = YES;
				CLANG_WARN__DUPLICATE_METHOD_MATCH = YES;
				COPY_PHASE_STRIP = NO;
				DEBUG_INFORMATION_FORMAT = "dwarf-with-dsym";
				ENABLE_NS_ASSERTIONS = NO;
				ENABLE_STRICT_OBJC_MSGSEND = YES;
				ENABLE_USER_SCRIPT_SANDBOXING = YES;
				GCC_C_LANGUAGE_STANDARD = gnu17;
				GCC_NO_COMMON_BLOCKS = YES;
				GCC_WARN_64_TO_32_BIT_CONVERSION = YES;
				GCC_WARN_ABOUT_RETURN_TYPE = YES_ERROR;
				GCC_WARN_UNDECLARED_SELECTOR = YES;
				GCC_WARN_UNINITIALIZED_AUTOS = YES_AGGRESSIVE;
				GCC_WARN_UNUSED_FUNCTION = YES;
				GCC_WARN_UNUSED_VARIABLE = YES;
				IPHONEOS_DEPLOYMENT_TARGET = 16.0;
				LOCALIZATION_PREFERS_STRING_CATALOGS = YES;
				MTL_ENABLE_DEBUG_INFO = NO;
				MTL_FAST_MATH = YES;
				SDKROOT = iphoneos;
				SWIFT_COMPILATION_MODE = wholemodule;
				VALIDATE_PRODUCT = YES;
			};
			name = Release;
		};
		AppDebugConfig /* Debug */ = {
			isa = XCBuildConfiguration;
			buildSettings = {
				ASSETCATALOG_COMPILER_APPICON_NAME = AppIcon;
				CODE_SIGN_STYLE = Automatic;
				CURRENT_PROJECT_VERSION = 1;
				DEVELOPMENT_TEAM = "";
				GENERATE_INFOPLIST_FILE = NO;
				INFOPLIST_FILE = KidsColoringApp/Info.plist;
				INFOPLIST_KEY_UIApplicationSceneManifest_Generation = YES;
				INFOPLIST_KEY_UIApplicationSupportsIndirectInputEvents = YES;
				INFOPLIST_KEY_UILaunchScreen_Generation = YES;
				INFOPLIST_KEY_UISupportedInterfaceOrientations = "UIInterfaceOrientationPortrait UIInterfaceOrientationLandscapeLeft UIInterfaceOrientationLandscapeRight";
				INFOPLIST_KEY_UISupportedInterfaceOrientations_iPad = "UIInterfaceOrientationPortrait UIInterfaceOrientationPortraitUpsideDown UIInterfaceOrientationLandscapeLeft UIInterfaceOrientationLandscapeRight";
				IPHONEOS_DEPLOYMENT_TARGET = 16.0;
				LD_RUNPATH_SEARCH_PATHS = (
					"$(inherited)",
					"@executable_path/Frameworks",
				);
				MARKETING_VERSION = 1.0;
				PRODUCT_BUNDLE_IDENTIFIER = com.example.KidsColoringApp;
				PRODUCT_NAME = "$(TARGET_NAME)";
				SWIFT_EMIT_LOC_STRINGS = YES;
				SWIFT_VERSION = 5.0;
				TARGETED_DEVICE_FAMILY = "1,2";
			};
			name = Debug;
		};
		AppReleaseConfig /* Release */ = {
			isa = XCBuildConfiguration;
			buildSettings = {
				ASSETCATALOG_COMPILER_APPICON_NAME = AppIcon;
				CODE_SIGN_STYLE = Automatic;
				CURRENT_PROJECT_VERSION = 1;
				DEVELOPMENT_TEAM = "";
				GENERATE_INFOPLIST_FILE = NO;
				INFOPLIST_FILE = KidsColoringApp/Info.plist;
				INFOPLIST_KEY_UIApplicationSceneManifest_Generation = YES;
				INFOPLIST_KEY_UIApplicationSupportsIndirectInputEvents = YES;
				INFOPLIST_KEY_UILaunchScreen_Generation = YES;
				INFOPLIST_KEY_UISupportedInterfaceOrientations = "UIInterfaceOrientationPortrait UIInterfaceOrientationLandscapeLeft UIInterfaceOrientationLandscapeRight";
				INFOPLIST_KEY_UISupportedInterfaceOrientations_iPad = "UIInterfaceOrientationPortrait UIInterfaceOrientationPortraitUpsideDown UIInterfaceOrientationLandscapeLeft UIInterfaceOrientationLandscapeRight";
				IPHONEOS_DEPLOYMENT_TARGET = 16.0;
				LD_RUNPATH_SEARCH_PATHS = (
					"$(inherited)",
					"@executable_path/Frameworks",
				);
				MARKETING_VERSION = 1.0;
				PRODUCT_BUNDLE_IDENTIFIER = com.example.KidsColoringApp;
				PRODUCT_NAME = "$(TARGET_NAME)";
				SWIFT_EMIT_LOC_STRINGS = YES;
				SWIFT_VERSION = 5.0;
				TARGETED_DEVICE_FAMILY = "1,2";
			};
			name = Release;
		};
/* End XCBuildConfiguration section */

/* Begin XCConfigurationList section */
		ProjectBuildConfigList /* Build configuration list for PBXProject "KidsColoringApp" */ = {
			isa = XCConfigurationList;
			buildConfigurations = (
				DebugConfig /* Debug */,
				ReleaseConfig /* Release */,
			);
			defaultConfigurationIsVisible = 0;
			defaultConfigurationName = Release;
		};
		BuildConfigList /* Build configuration list for PBXNativeTarget "KidsColoringApp" */ = {
			isa = XCConfigurationList;
			buildConfigurations = (
				AppDebugConfig /* Debug */,
				AppReleaseConfig /* Release */,
			);
			defaultConfigurationIsVisible = 0;
			defaultConfigurationName = Release;
		};
/* End XCConfigurationList section */
	};
	rootObject = ProjectObject /* Project object */;
}
